// !$*UTF8*$!
{
	archiveVersion = 1;
	classes = {
	};
	objectVersion = 46;
	objects = {

/* Begin PBXBuildFile section */
		1EE6697F1D1CE39C0066A11D /* main.m in Sources */ = {isa = PBXBuildFile; fileRef = 1EE6697E1D1CE39C0066A11D /* main.m */; };
		1EE669821D1CE39C0066A11D /* AppDelegate.m in Sources */ = {isa = PBXBuildFile; fileRef = 1EE669811D1CE39C0066A11D /* AppDelegate.m */; };
		1EE669851D1CE39C0066A11D /* ViewController.m in Sources */ = {isa = PBXBuildFile; fileRef = 1EE669841D1CE39C0066A11D /* ViewController.m */; };
		1EE669881D1CE39C0066A11D /* Main.storyboard in Resources */ = {isa = PBXBuildFile; fileRef = 1EE669861D1CE39C0066A11D /* Main.storyboard */; };
		1EE6698A1D1CE39C0066A11D /* Assets.xcassets in Resources */ = {isa = PBXBuildFile; fileRef = 1EE669891D1CE39C0066A11D /* Assets.xcassets */; };
		1EE6698D1D1CE39C0066A11D /* LaunchScreen.storyboard in Resources */ = {isa = PBXBuildFile; fileRef = 1EE6698B1D1CE39C0066A11D /* LaunchScreen.storyboard */; };
		1EE669961D1CE3CA0066A11D /* TasksTableViewController.m in Sources */ = {isa = PBXBuildFile; fileRef = 1EE669951D1CE3CA0066A11D /* TasksTableViewController.m */; };
		1EE669991D1CE4780066A11D /* Task.m in Sources */ = {isa = PBXBuildFile; fileRef = 1EE669981D1CE4780066A11D /* Task.m */; };
/* End PBXBuildFile section */

/* Begin PBXFileReference section */
		1EE6697A1D1CE39C0066A11D /* POPUITableView.app */ = {isa = PBXFileReference; explicitFileType = wrapper.application; includeInIndex = 0; path = POPUITableView.app; sourceTree = BUILT_PRODUCTS_DIR; };
		1EE6697E1D1CE39C0066A11D /* main.m */ = {isa = PBXFileReference; lastKnownFileType = sourcecode.c.objc; path = main.m; sourceTree = "<group>"; };
		1EE669801D1CE39C0066A11D /* AppDelegate.h */ = {isa = PBXFileReference; lastKnownFileType = sourcecode.c.h; path = AppDelegate.h; sourceTree = "<group>"; };
		1EE669811D1CE39C0066A11D /* AppDelegate.m */ = {isa = PBXFileReference; lastKnownFileType = sourcecode.c.objc; path = AppDelegate.m; sourceTree = "<group>"; };
		1EE669831D1CE39C0066A11D /* ViewController.h */ = {isa = PBXFileReference; lastKnownFileType = sourcecode.c.h; path = ViewController.h; sourceTree = "<group>"; };
		1EE669841D1CE39C0066A11D /* ViewController.m */ = {isa = PBXFileReference; lastKnownFileType = sourcecode.c.objc; path = ViewController.m; sourceTree = "<group>"; };
		1EE669871D1CE39C0066A11D /* Base */ = {isa = PBXFileReference; lastKnownFileType = file.storyboard; name = Base; path = Base.lproj/Main.storyboard; sourceTree = "<group>"; };
		1EE669891D1CE39C0066A11D /* Assets.xcassets */ = {isa = PBXFileReference; lastKnownFileType = folder.assetcatalog; path = Assets.xcassets; sourceTree = "<group>"; };
		1EE6698C1D1CE39C0066A11D /* Base */ = {isa = PBXFileReference; lastKnownFileType = file.storyboard; name = Base; path = Base.lproj/LaunchScreen.storyboard; sourceTree = "<group>"; };
		1EE6698E1D1CE39C0066A11D /* Info.plist */ = {isa = PBXFileReference; lastKnownFileType = text.plist.xml; path = Info.plist; sourceTree = "<group>"; };
		1EE669941D1CE3CA0066A11D /* TasksTableViewController.h */ = {isa = PBXFileReference; fileEncoding = 4; lastKnownFileType = sourcecode.c.h; path = TasksTableViewController.h; sourceTree = "<group>"; };
		1EE669951D1CE3CA0066A11D /* TasksTableViewController.m */ = {isa = PBXFileReference; fileEncoding = 4; lastKnownFileType = sourcecode.c.objc; path = TasksTableViewController.m; sourceTree = "<group>"; };
		1EE669971D1CE4780066A11D /* Task.h */ = {isa = PBXFileReference; fileEncoding = 4; lastKnownFileType = sourcecode.c.h; path = Task.h; sourceTree = "<group>"; };
		1EE669981D1CE4780066A11D /* Task.m */ = {isa = PBXFileReference; fileEncoding = 4; lastKnownFileType = sourcecode.c.objc; path = Task.m; sourceTree = "<group>"; };
/* End PBXFileReference section */

/* Begin PBXFrameworksBuildPhase section */
		1EE669771D1CE39C0066A11D /* Frameworks */ = {
			isa = PBXFrameworksBuildPhase;
			buildActionMask = 2147483647;
			files = (
			);
			runOnlyForDeploymentPostprocessing = 0;
		};
/* End PBXFrameworksBuildPhase section */

/* Begin PBXGroup section */
		1EE669711D1CE39C0066A11D = {
			isa = PBXGroup;
			children = (
				1EE669941D1CE3CA0066A11D /* TasksTableViewController.h */,
				1EE669951D1CE3CA0066A11D /* TasksTableViewController.m */,
				1EE6697C1D1CE39C0066A11D /* POPUITableView */,
				1EE6697B1D1CE39C0066A11D /* Products */,
			);
			sourceTree = "<group>";
		};
		1EE6697B1D1CE39C0066A11D /* Products */ = {
			isa = PBXGroup;
			children = (
				1EE6697A1D1CE39C0066A11D /* POPUITableView.app */,
			);
			name = Products;
			sourceTree = "<group>";
		};
		1EE6697C1D1CE39C0066A11D /* POPUITableView */ = {
			isa = PBXGroup;
			children = (
				1EE669801D1CE39C0066A11D /* AppDelegate.h */,
				1EE669811D1CE39C0066A11D /* AppDelegate.m */,
				1EE669831D1CE39C0066A11D /* ViewController.h */,
				1EE669841D1CE39C0066A11D /* ViewController.m */,
				1EE669861D1CE39C0066A11D /* Main.storyboard */,
				1EE669971D1CE4780066A11D /* Task.h */,
				1EE669981D1CE4780066A11D /* Task.m */,
				1EE669891D1CE39C0066A11D /* Assets.xcassets */,
				1EE6698B1D1CE39C0066A11D /* LaunchScreen.storyboard */,
				1EE6698E1D1CE39C0066A11D /* Info.plist */,
				1EE6697D1D1CE39C0066A11D /* Supporting Files */,
			);
			path = POPUITableView;
			sourceTree = "<group>";
		};
		1EE6697D1D1CE39C0066A11D /* Supporting Files */ = {
			isa = PBXGroup;
			children = (
				1EE6697E1D1CE39C0066A11D /* main.m */,
			);
			name = "Supporting Files";
			sourceTree = "<group>";
		};
/* End PBXGroup section */

/* Begin PBXNativeTarget section */
		1EE669791D1CE39C0066A11D /* POPUITableView */ = {
			isa = PBXNativeTarget;
			buildConfigurationList = 1EE669911D1CE39C0066A11D /* Build configuration list for PBXNativeTarget "POPUITableView" */;
			buildPhases = (
				1EE669761D1CE39C0066A11D /* Sources */,
				1EE669771D1CE39C0066A11D /* Frameworks */,
				1EE669781D1CE39C0066A11D /* Resources */,
			);
			buildRules = (
			);
			dependencies = (
			);
			name = POPUITableView;
			productName = POPUITableView;
			productReference = 1EE6697A1D1CE39C0066A11D /* POPUITableView.app */;
			productType = "com.apple.product-type.application";
		};
/* End PBXNativeTarget section */

/* Begin PBXProject section */
		1EE669721D1CE39C0066A11D /* Project object */ = {
			isa = PBXProject;
			attributes = {
				LastUpgradeCheck = 0730;
				ORGANIZATIONNAME = TheIronYard;
				TargetAttributes = {
					1EE669791D1CE39C0066A11D = {
						CreatedOnToolsVersion = 7.3.1;
					};
				};
			};
			buildConfigurationList = 1EE669751D1CE39C0066A11D /* Build configuration list for PBXProject "POPUITableView" */;
			compatibilityVersion = "Xcode 3.2";
			developmentRegion = English;
			hasScannedForEncodings = 0;
			knownRegions = (
				en,
				Base,
			);
			mainGroup = 1EE669711D1CE39C0066A11D;
			productRefGroup = 1EE6697B1D1CE39C0066A11D /* Products */;
			projectDirPath = "";
			projectRoot = "";
			targets = (
				1EE669791D1CE39C0066A11D /* POPUITableView */,
			);
		};
/* End PBXProject section */

/* Begin PBXResourcesBuildPhase section */
		1EE669781D1CE39C0066A11D /* Resources */ = {
			isa = PBXResourcesBuildPhase;
			buildActionMask = 2147483647;
			files = (
				1EE6698D1D1CE39C0066A11D /* LaunchScreen.storyboard in Resources */,
				1EE6698A1D1CE39C0066A11D /* Assets.xcassets in Resources */,
				1EE669881D1CE39C0066A11D /* Main.storyboard in Resources */,
			);
			runOnlyForDeploymentPostprocessing = 0;
		};
/* End PBXResourcesBuildPhase section */

/* Begin PBXSourcesBuildPhase section */
		1EE669761D1CE39C0066A11D /* Sources */ = {
			isa = PBXSourcesBuildPhase;
			buildActionMask = 2147483647;
			files = (
				1EE669991D1CE4780066A11D /* Task.m in Sources */,
				1EE669851D1CE39C0066A11D /* ViewController.m in Sources */,
				1EE669821D1CE39C0066A11D /* AppDelegate.m in Sources */,
				1EE669961D1CE3CA0066A11D /* TasksTableViewController.m in Sources */,
				1EE6697F1D1CE39C0066A11D /* main.m in Sources */,
			);
			runOnlyForDeploymentPostprocessing = 0;
		};
/* End PBXSourcesBuildPhase section */

/* Begin PBXVariantGroup section */
		1EE669861D1CE39C0066A11D /* Main.storyboard */ = {
			isa = PBXVariantGroup;
			children = (
				1EE669871D1CE39C0066A11D /* Base */,
			);
			name = Main.storyboard;
			sourceTree = "<group>";
		};
		1EE6698B1D1CE39C0066A11D /* LaunchScreen.storyboard */ = {
			isa = PBXVariantGroup;
			children = (
				1EE6698C1D1CE39C0066A11D /* Base */,
			);
			name = LaunchScreen.storyboard;
			sourceTree = "<group>";
		};
/* End PBXVariantGroup section */

/* Begin XCBuildConfiguration section */
		1EE6698F1D1CE39C0066A11D /* Debug */ = {
			isa = XCBuildConfiguration;
			buildSettings = {
				ALWAYS_SEARCH_USER_PATHS = NO;
				CLANG_ANALYZER_NONNULL = YES;
				CLANG_CXX_LANGUAGE_STANDARD = "gnu++0x";
				CLANG_CXX_LIBRARY = "libc++";
				CLANG_ENABLE_MODULES = YES;
				CLANG_ENABLE_OBJC_ARC = YES;
				CLANG_WARN_BOOL_CONVERSION = YES;
				CLANG_WARN_CONSTANT_CONVERSION = YES;
				CLANG_WARN_DIRECT_OBJC_ISA_USAGE = YES_ERROR;
				CLANG_WARN_EMPTY_BODY = YES;
				CLANG_WARN_ENUM_CONVERSION = YES;
				CLANG_WARN_INT_CONVERSION = YES;
				CLANG_WARN_OBJC_ROOT_CLASS = YES_ERROR;
				CLANG_WARN_UNREACHABLE_CODE = YES;
				CLANG_WARN__DUPLICATE_METHOD_MATCH = YES;
				"CODE_SIGN_IDENTITY[sdk=iphoneos*]" = "iPhone Developer";
				COPY_PHASE_STRIP = NO;
				DEBUG_INFORMATION_FORMAT = dwarf;
				ENABLE_STRICT_OBJC_MSGSEND = YES;
				ENABLE_TESTABILITY = YES;
				GCC_C_LANGUAGE_STANDARD = gnu99;
				GCC_DYNAMIC_NO_PIC = NO;
				GCC_NO_COMMON_BLOCKS = YES;
				GCC_OPTIMIZATION_LEVEL = 0;
				GCC_PREPROCESSOR_DEFINITIONS = (
					"DEBUG=1",
					"$(inherited)",
				);
				GCC_WARN_64_TO_32_BIT_CONVERSION = YES;
				GCC_WARN_ABOUT_RETURN_TYPE = YES_ERROR;
				GCC_WARN_UNDECLARED_SELECTOR = YES;
				GCC_WARN_UNINITIALIZED_AUTOS = YES_AGGRESSIVE;
				GCC_WARN_UNUSED_FUNCTION = YES;
				GCC_WARN_UNUSED_VARIABLE = YES;
				IPHONEOS_DEPLOYMENT_TARGET = 9.3;
				MTL_ENABLE_DEBUG_INFO = YES;
				ONLY_ACTIVE_ARCH = YES;
				SDKROOT = iphoneos;
				TARGETED_DEVICE_FAMILY = "1,2";
			};
			name = Debug;
		};
		1EE669901D1CE39C0066A11D /* Release */ = {
			isa = XCBuildConfiguration;
			buildSettings = {
				ALWAYS_SEARCH_USER_PATHS = NO;
				CLANG_ANALYZER_NONNULL = YES;
				CLANG_CXX_LANGUAGE_STANDARD = "gnu++0x";
				CLANG_CXX_LIBRARY = "libc++";
				CLANG_ENABLE_MODULES = YES;
				CLANG_ENABLE_OBJC_ARC = YES;
				CLANG_WARN_BOOL_CONVERSION = YES;
				CLANG_WARN_CONSTANT_CONVERSION = YES;
				CLANG_WARN_DIRECT_OBJC_ISA_USAGE = YES_ERROR;
				CLANG_WARN_EMPTY_BODY = YES;
				CLANG_WARN_ENUM_CONVERSION = YES;
				CLANG_WARN_INT_CONVERSION = YES;
				CLANG_WARN_OBJC_ROOT_CLASS = YES_ERROR;
				CLANG_WARN_UNREACHABLE_CODE = YES;
				CLANG_WARN__DUPLICATE_METHOD_MATCH = YES;
				"CODE_SIGN_IDENTITY[sdk=iphoneos*]" = "iPhone Developer";
				COPY_PHASE_STRIP = NO;
				DEBUG_INFORMATION_FORMAT = "dwarf-with-dsym";
				ENABLE_NS_ASSERTIONS = NO;
				ENABLE_STRICT_OBJC_MSGSEND = YES;
				GCC_C_LANGUAGE_STANDARD = gnu99;
				GCC_NO_COMMON_BLOCKS = YES;
				GCC_WARN_64_TO_32_BIT_CONVERSION = YES;
				GCC_WARN_ABOUT_RETURN_TYPE = YES_ERROR;
				GCC_WARN_UNDECLARED_SELECTOR = YES;
				GCC_WARN_UNINITIALIZED_AUTOS = YES_AGGRESSIVE;
				GCC_WARN_UNUSED_FUNCTION = YES;
				GCC_WARN_UNUSED_VARIABLE = YES;
				IPHONEOS_DEPLOYMENT_TARGET = 9.3;
				MTL_ENABLE_DEBUG_INFO = NO;
				SDKROOT = iphoneos;
				TARGETED_DEVICE_FAMILY = "1,2";
				VALIDATE_PRODUCT = YES;
			};
			name = Release;
		};
		1EE669921D1CE39C0066A11D /* Debug */ = {
			isa = XCBuildConfiguration;
			buildSettings = {
				ASSETCATALOG_COMPILER_APPICON_NAME = AppIcon;
				INFOPLIST_FILE = POPUITableView/Info.plist;
				LD_RUNPATH_SEARCH_PATHS = "$(inherited) @executable_path/Frameworks";
				PRODUCT_BUNDLE_IDENTIFIER = com.theironyard.houston.POPUITableView;
				PRODUCT_NAME = "$(TARGET_NAME)";
			};
			name = Debug;
		};
		1EE669931D1CE39C0066A11D /* Release */ = {
			isa = XCBuildConfiguration;
			buildSettings = {
				ASSETCATALOG_COMPILER_APPICON_NAME = AppIcon;
				INFOPLIST_FILE = POPUITableView/Info.plist;
				LD_RUNPATH_SEARCH_PATHS = "$(inherited) @executable_path/Frameworks";
				PRODUCT_BUNDLE_IDENTIFIER = com.theironyard.houston.POPUITableView;
				PRODUCT_NAME = "$(TARGET_NAME)";
			};
			name = Release;
		};
/* End XCBuildConfiguration section */

/* Begin XCConfigurationList section */
		1EE669751D1CE39C0066A11D /* Build configuration list for PBXProject "POPUITableView" */ = {
			isa = XCConfigurationList;
			buildConfigurations = (
				1EE6698F1D1CE39C0066A11D /* Debug */,
				1EE669901D1CE39C0066A11D /* Release */,
			);
			defaultConfigurationIsVisible = 0;
			defaultConfigurationName = Release;
		};
		1EE669911D1CE39C0066A11D /* Build configuration list for PBXNativeTarget "POPUITableView" */ = {
			isa = XCConfigurationList;
			buildConfigurations = (
				1EE669921D1CE39C0066A11D /* Debug */,
				1EE669931D1CE39C0066A11D /* Release */,
			);
			defaultConfigurationIsVisible = 0;
		};
/* End XCConfigurationList section */
	};
	rootObject = 1EE669721D1CE39C0066A11D /* Project object */;
}
